
Microsoft Visual Studio Solution File, Format Version 12.00
# Visual Studio Version 17
VisualStudioVersion = 17.4.33213.308
MinimumVisualStudioVersion = 10.0.40219.1
Project("{FAE04EC0-301F-11D3-BF4B-00C04F79EFBC}") = "randomKura", "randomKura\randomKura.csproj", "{36A76FF3-0BFE-4F9B-99D2-226DC7BE0FB6}"
EndProject
Global
	GlobalSection(SolutionConfigurationPlatforms) = preSolution
		Debug|Any CPU = Debug|Any CPU
		Release|Any CPU = Release|Any CPU
	EndGlobalSection
	GlobalSection(ProjectConfigurationPlatforms) = postSolution
		{36A76FF3-0BFE-4F9B-99D2-226DC7BE0FB6}.Debug|Any CPU.ActiveCfg = Debug|Any CPU
		{36A76FF3-0BFE-4F9B-99D2-226DC7BE0FB6}.Debug|Any CPU.Build.0 = Debug|Any CPU
		{36A76FF3-0BFE-4F9B-99D2-226DC7BE0FB6}.Release|Any CPU.ActiveCfg = Release|Any CPU
		{36A76FF3-0BFE-4F9B-99D2-226DC7BE0FB6}.Release|Any CPU.Build.0 = Release|Any CPU
	EndGlobalSection
	GlobalSection(SolutionProperties) = preSolution
		HideSolutionNode = FALSE
	EndGlobalSection
	GlobalSection(ExtensibilityGlobals) = postSolution
		SolutionGuid = {E5714744-2A2F-436B-ACF4-2C6FAEFA48F6}
	EndGlobalSection
EndGlobal
